
Microsoft Visual Studio Solution File, Format Version 12.00
Project("{FAE04EC0-301F-11D3-BF4B-00C04F79EFBC}") = "ASPCoreAPIMemCaching", "ASPCoreAPIMemCaching\ASPCoreAPIMemCaching.csproj", "{CF93186E-E4E2-4DFB-82B3-4682986215D6}"
EndProject
Global
	GlobalSection(SolutionConfigurationPlatforms) = preSolution
		Debug|Any CPU = Debug|Any CPU
		Release|Any CPU = Release|Any CPU
	EndGlobalSection
	GlobalSection(ProjectConfigurationPlatforms) = postSolution
		{CF93186E-E4E2-4DFB-82B3-4682986215D6}.Debug|Any CPU.ActiveCfg = Debug|Any CPU
		{CF93186E-E4E2-4DFB-82B3-4682986215D6}.Debug|Any CPU.Build.0 = Debug|Any CPU
		{CF93186E-E4E2-4DFB-82B3-4682986215D6}.Release|Any CPU.ActiveCfg = Release|Any CPU
		{CF93186E-E4E2-4DFB-82B3-4682986215D6}.Release|Any CPU.Build.0 = Release|Any CPU
	EndGlobalSection
EndGlobal
